// !$*UTF8*$!
{
	archiveVersion = 1;
	classes = {
	};
	objectVersion = 46;
	objects = {

/* Begin PBXBuildFile section */
		14E4880C1D1B5B0400369976 /* AppDelegate.swift in Sources */ = {isa = PBXBuildFile; fileRef = 14E4880B1D1B5B0400369976 /* AppDelegate.swift */; };
		14E4880E1D1B5B0400369976 /* ViewController.swift in Sources */ = {isa = PBXBuildFile; fileRef = 14E4880D1D1B5B0400369976 /* ViewController.swift */; };
		14E488111D1B5B0400369976 /* Main.storyboard in Resources */ = {isa = PBXBuildFile; fileRef = 14E4880F1D1B5B0400369976 /* Main.storyboard */; };
		14E488131D1B5B0400369976 /* Assets.xcassets in Resources */ = {isa = PBXBuildFile; fileRef = 14E488121D1B5B0400369976 /* Assets.xcassets */; };
		14E488161D1B5B0400369976 /* LaunchScreen.storyboard in Resources */ = {isa = PBXBuildFile; fileRef = 14E488141D1B5B0400369976 /* LaunchScreen.storyboard */; };
		AEEA8ECD32E20ED74FA554BE /* Pods_CatInteractiveTransitionController.framework in Frameworks */ = {isa = PBXBuildFile; fileRef = B8DE5AB51EDEA8A653037FD6 /* Pods_CatInteractiveTransitionController.framework */; };
/* End PBXBuildFile section */

/* Begin PBXFileReference section */
		14E488081D1B5B0400369976 /* CatInteractiveTransitionController.app */ = {isa = PBXFileReference; explicitFileType = wrapper.application; includeInIndex = 0; path = CatInteractiveTransitionController.app; sourceTree = BUILT_PRODUCTS_DIR; };
		14E4880B1D1B5B0400369976 /* AppDelegate.swift */ = {isa = PBXFileReference; lastKnownFileType = sourcecode.swift; path = AppDelegate.swift; sourceTree = "<group>"; };
		14E4880D1D1B5B0400369976 /* ViewController.swift */ = {isa = PBXFileReference; lastKnownFileType = sourcecode.swift; path = ViewController.swift; sourceTree = "<group>"; };
		14E488101D1B5B0400369976 /* Base */ = {isa = PBXFileReference; lastKnownFileType = file.storyboard; name = Base; path = Base.lproj/Main.storyboard; sourceTree = "<group>"; };
		14E488121D1B5B0400369976 /* Assets.xcassets */ = {isa = PBXFileReference; lastKnownFileType = folder.assetcatalog; path = Assets.xcassets; sourceTree = "<group>"; };
		14E488151D1B5B0400369976 /* Base */ = {isa = PBXFileReference; lastKnownFileType = file.storyboard; name = Base; path = Base.lproj/LaunchScreen.storyboard; sourceTree = "<group>"; };
		14E488171D1B5B0400369976 /* Info.plist */ = {isa = PBXFileReference; lastKnownFileType = text.plist.xml; path = Info.plist; sourceTree = "<group>"; };
		B8DE5AB51EDEA8A653037FD6 /* Pods_CatInteractiveTransitionController.framework */ = {isa = PBXFileReference; explicitFileType = wrapper.framework; includeInIndex = 0; path = Pods_CatInteractiveTransitionController.framework; sourceTree = BUILT_PRODUCTS_DIR; };
		CA9C5F86B6436C721036C0CD /* Pods-CatInteractiveTransitionController.release.xcconfig */ = {isa = PBXFileReference; includeInIndex = 1; lastKnownFileType = text.xcconfig; name = "Pods-CatInteractiveTransitionController.release.xcconfig"; path = "Pods/Target Support Files/Pods-CatInteractiveTransitionController/Pods-CatInteractiveTransitionController.release.xcconfig"; sourceTree = "<group>"; };
		E291079FC95C40CDF064FF6A /* Pods-CatInteractiveTransitionController.debug.xcconfig */ = {isa = PBXFileReference; includeInIndex = 1; lastKnownFileType = text.xcconfig; name = "Pods-CatInteractiveTransitionController.debug.xcconfig"; path = "Pods/Target Support Files/Pods-CatInteractiveTransitionController/Pods-CatInteractiveTransitionController.debug.xcconfig"; sourceTree = "<group>"; };
/* End PBXFileReference section */

/* Begin PBXFrameworksBuildPhase section */
		14E488051D1B5B0300369976 /* Frameworks */ = {
			isa = PBXFrameworksBuildPhase;
			buildActionMask = 2147483647;
			files = (
				AEEA8ECD32E20ED74FA554BE /* Pods_CatInteractiveTransitionController.framework in Frameworks */,
			);
			runOnlyForDeploymentPostprocessing = 0;
		};
/* End PBXFrameworksBuildPhase section */

/* Begin PBXGroup section */
		14E487FF1D1B5B0300369976 = {
			isa = PBXGroup;
			children = (
				14E4880A1D1B5B0400369976 /* CatInteractiveTransitionController */,
				14E488091D1B5B0400369976 /* Products */,
				E534AD5B199CCE55CB6CD5DA /* Pods */,
				B28CA0D95662F18555E5ABFB /* Frameworks */,
			);
			sourceTree = "<group>";
		};
		14E488091D1B5B0400369976 /* Products */ = {
			isa = PBXGroup;
			children = (
				14E488081D1B5B0400369976 /* CatInteractiveTransitionController.app */,
			);
			name = Products;
			sourceTree = "<group>";
		};
		14E4880A1D1B5B0400369976 /* CatInteractiveTransitionController */ = {
			isa = PBXGroup;
			children = (
				14E4880B1D1B5B0400369976 /* AppDelegate.swift */,
				14E4880D1D1B5B0400369976 /* ViewController.swift */,
				14E4880F1D1B5B0400369976 /* Main.storyboard */,
				14E488121D1B5B0400369976 /* Assets.xcassets */,
				14E488141D1B5B0400369976 /* LaunchScreen.storyboard */,
				14E488171D1B5B0400369976 /* Info.plist */,
			);
			path = CatInteractiveTransitionController;
			sourceTree = "<group>";
		};
		B28CA0D95662F18555E5ABFB /* Frameworks */ = {
			isa = PBXGroup;
			children = (
				B8DE5AB51EDEA8A653037FD6 /* Pods_CatInteractiveTransitionController.framework */,
			);
			name = Frameworks;
			sourceTree = "<group>";
		};
		E534AD5B199CCE55CB6CD5DA /* Pods */ = {
			isa = PBXGroup;
			children = (
				E291079FC95C40CDF064FF6A /* Pods-CatInteractiveTransitionController.debug.xcconfig */,
				CA9C5F86B6436C721036C0CD /* Pods-CatInteractiveTransitionController.release.xcconfig */,
			);
			name = Pods;
			sourceTree = "<group>";
		};
/* End PBXGroup section */

/* Begin PBXNativeTarget section */
		14E488071D1B5B0300369976 /* CatInteractiveTransitionController */ = {
			isa = PBXNativeTarget;
			buildConfigurationList = 14E4881A1D1B5B0400369976 /* Build configuration list for PBXNativeTarget "CatInteractiveTransitionController" */;
			buildPhases = (
				49C3420B031D9D3DF0258FC8 /* [CP] Check Pods Manifest.lock */,
				14E488041D1B5B0300369976 /* Sources */,
				14E488051D1B5B0300369976 /* Frameworks */,
				14E488061D1B5B0300369976 /* Resources */,
				B623530479BEA1DAE75F6089 /* [CP] Embed Pods Frameworks */,
				5A93A4B3E02BA82BBA86BF1F /* [CP] Copy Pods Resources */,
			);
			buildRules = (
			);
			dependencies = (
			);
			name = CatInteractiveTransitionController;
			productName = CatInteractiveTransitionController;
			productReference = 14E488081D1B5B0400369976 /* CatInteractiveTransitionController.app */;
			productType = "com.apple.product-type.application";
		};
/* End PBXNativeTarget section */

/* Begin PBXProject section */
		14E488001D1B5B0300369976 /* Project object */ = {
			isa = PBXProject;
			attributes = {
				LastSwiftUpdateCheck = 0730;
				LastUpgradeCheck = 0730;
				ORGANIZATIONNAME = catthoughts;
				TargetAttributes = {
					14E488071D1B5B0300369976 = {
						CreatedOnToolsVersion = 7.3.1;
					};
				};
			};
			buildConfigurationList = 14E488031D1B5B0300369976 /* Build configuration list for PBXProject "CatInteractiveTransitionController" */;
			compatibilityVersion = "Xcode 3.2";
			developmentRegion = English;
			hasScannedForEncodings = 0;
			knownRegions = (
				en,
				Base,
			);
			mainGroup = 14E487FF1D1B5B0300369976;
			productRefGroup = 14E488091D1B5B0400369976 /* Products */;
			projectDirPath = "";
			projectRoot = "";
			targets = (
				14E488071D1B5B0300369976 /* CatInteractiveTransitionController */,
			);
		};
/* End PBXProject section */

/* Begin PBXResourcesBuildPhase section */
		14E488061D1B5B0300369976 /* Resources */ = {
			isa = PBXResourcesBuildPhase;
			buildActionMask = 2147483647;
			files = (
				14E488161D1B5B0400369976 /* LaunchScreen.storyboard in Resources */,
				14E488131D1B5B0400369976 /* Assets.xcassets in Resources */,
				14E488111D1B5B0400369976 /* Main.storyboard in Resources */,
			);
			runOnlyForDeploymentPostprocessing = 0;
		};
/* End PBXResourcesBuildPhase section */

/* Begin PBXShellScriptBuildPhase section */
		49C3420B031D9D3DF0258FC8 /* [CP] Check Pods Manifest.lock */ = {
			isa = PBXShellScriptBuildPhase;
			buildActionMask = 2147483647;
			files = (
			);
			inputPaths = (
			);
			name = "[CP] Check Pods Manifest.lock";
			outputPaths = (
			);
			runOnlyForDeploymentPostprocessing = 0;
			shellPath = /bin/sh;
			shellScript = "diff \"${PODS_ROOT}/../Podfile.lock\" \"${PODS_ROOT}/Manifest.lock\" > /dev/null\nif [[ $? != 0 ]] ; then\n    cat << EOM\nerror: The sandbox is not in sync with the Podfile.lock. Run 'pod install' or update your CocoaPods installation.\nEOM\n    exit 1\nfi\n";
			showEnvVarsInLog = 0;
		};
		5A93A4B3E02BA82BBA86BF1F /* [CP] Copy Pods Resources */ = {
			isa = PBXShellScriptBuildPhase;
			buildActionMask = 2147483647;
			files = (
			);
			inputPaths = (
			);
			name = "[CP] Copy Pods Resources";
			outputPaths = (
			);
			runOnlyForDeploymentPostprocessing = 0;
			shellPath = /bin/sh;
			shellScript = "\"${SRCROOT}/Pods/Target Support Files/Pods-CatInteractiveTransitionController/Pods-CatInteractiveTransitionController-resources.sh\"\n";
			showEnvVarsInLog = 0;
		};
		B623530479BEA1DAE75F6089 /* [CP] Embed Pods Frameworks */ = {
			isa = PBXShellScriptBuildPhase;
			buildActionMask = 2147483647;
			files = (
			);
			inputPaths = (
			);
			name = "[CP] Embed Pods Frameworks";
			outputPaths = (
			);
			runOnlyForDeploymentPostprocessing = 0;
			shellPath = /bin/sh;
			shellScript = "\"${SRCROOT}/Pods/Target Support Files/Pods-CatInteractiveTransitionController/Pods-CatInteractiveTransitionController-frameworks.sh\"\n";
			showEnvVarsInLog = 0;
		};
/* End PBXShellScriptBuildPhase section */

/* Begin PBXSourcesBuildPhase section */
		14E488041D1B5B0300369976 /* Sources */ = {
			isa = PBXSourcesBuildPhase;
			buildActionMask = 2147483647;
			files = (
				14E4880E1D1B5B0400369976 /* ViewController.swift in Sources */,
				14E4880C1D1B5B0400369976 /* AppDelegate.swift in Sources */,
			);
			runOnlyForDeploymentPostprocessing = 0;
		};
/* End PBXSourcesBuildPhase section */

/* Begin PBXVariantGroup section */
		14E4880F1D1B5B0400369976 /* Main.storyboard */ = {
			isa = PBXVariantGroup;
			children = (
				14E488101D1B5B0400369976 /* Base */,
			);
			name = Main.storyboard;
			sourceTree = "<group>";
		};
		14E488141D1B5B0400369976 /* LaunchScreen.storyboard */ = {
			isa = PBXVariantGroup;
			children = (
				14E488151D1B5B0400369976 /* Base */,
			);
			name = LaunchScreen.storyboard;
			sourceTree = "<group>";
		};
/* End PBXVariantGroup section */

/* Begin XCBuildConfiguration section */
		14E488181D1B5B0400369976 /* Debug */ = {
			isa = XCBuildConfiguration;
			buildSettings = {
				ALWAYS_SEARCH_USER_PATHS = NO;
				CLANG_ANALYZER_NONNULL = YES;
				CLANG_CXX_LANGUAGE_STANDARD = "gnu++0x";
				CLANG_CXX_LIBRARY = "libc++";
				CLANG_ENABLE_MODULES = YES;
				CLANG_ENABLE_OBJC_ARC = YES;
				CLANG_WARN_BOOL_CONVERSION = YES;
				CLANG_WARN_CONSTANT_CONVERSION = YES;
				CLANG_WARN_DIRECT_OBJC_ISA_USAGE = YES_ERROR;
				CLANG_WARN_EMPTY_BODY = YES;
				CLANG_WARN_ENUM_CONVERSION = YES;
				CLANG_WARN_INT_CONVERSION = YES;
				CLANG_WARN_OBJC_ROOT_CLASS = YES_ERROR;
				CLANG_WARN_UNREACHABLE_CODE = YES;
				CLANG_WARN__DUPLICATE_METHOD_MATCH = YES;
				"CODE_SIGN_IDENTITY[sdk=iphoneos*]" = "iPhone Developer";
				COPY_PHASE_STRIP = NO;
				DEBUG_INFORMATION_FORMAT = dwarf;
				ENABLE_STRICT_OBJC_MSGSEND = YES;
				ENABLE_TESTABILITY = YES;
				GCC_C_LANGUAGE_STANDARD = gnu99;
				GCC_DYNAMIC_NO_PIC = NO;
				GCC_NO_COMMON_BLOCKS = YES;
				GCC_OPTIMIZATION_LEVEL = 0;
				GCC_PREPROCESSOR_DEFINITIONS = (
					"DEBUG=1",
					"$(inherited)",
				);
				GCC_WARN_64_TO_32_BIT_CONVERSION = YES;
				GCC_WARN_ABOUT_RETURN_TYPE = YES_ERROR;
				GCC_WARN_UNDECLARED_SELECTOR = YES;
				GCC_WARN_UNINITIALIZED_AUTOS = YES_AGGRESSIVE;
				GCC_WARN_UNUSED_FUNCTION = YES;
				GCC_WARN_UNUSED_VARIABLE = YES;
				IPHONEOS_DEPLOYMENT_TARGET = 9.3;
				MTL_ENABLE_DEBUG_INFO = YES;
				ONLY_ACTIVE_ARCH = YES;
				SDKROOT = iphoneos;
				SWIFT_OPTIMIZATION_LEVEL = "-Onone";
			};
			name = Debug;
		};
		14E488191D1B5B0400369976 /* Release */ = {
			isa = XCBuildConfiguration;
			buildSettings = {
				ALWAYS_SEARCH_USER_PATHS = NO;
				CLANG_ANALYZER_NONNULL = YES;
				CLANG_CXX_LANGUAGE_STANDARD = "gnu++0x";
				CLANG_CXX_LIBRARY = "libc++";
				CLANG_ENABLE_MODULES = YES;
				CLANG_ENABLE_OBJC_ARC = YES;
				CLANG_WARN_BOOL_CONVERSION = YES;
				CLANG_WARN_CONSTANT_CONVERSION = YES;
				CLANG_WARN_DIRECT_OBJC_ISA_USAGE = YES_ERROR;
				CLANG_WARN_EMPTY_BODY = YES;
				CLANG_WARN_ENUM_CONVERSION = YES;
				CLANG_WARN_INT_CONVERSION = YES;
				CLANG_WARN_OBJC_ROOT_CLASS = YES_ERROR;
				CLANG_WARN_UNREACHABLE_CODE = YES;
				CLANG_WARN__DUPLICATE_METHOD_MATCH = YES;
				"CODE_SIGN_IDENTITY[sdk=iphoneos*]" = "iPhone Developer";
				COPY_PHASE_STRIP = NO;
				DEBUG_INFORMATION_FORMAT = "dwarf-with-dsym";
				ENABLE_NS_ASSERTIONS = NO;
				ENABLE_STRICT_OBJC_MSGSEND = YES;
				GCC_C_LANGUAGE_STANDARD = gnu99;
				GCC_NO_COMMON_BLOCKS = YES;
				GCC_WARN_64_TO_32_BIT_CONVERSION = YES;
				GCC_WARN_ABOUT_RETURN_TYPE = YES_ERROR;
				GCC_WARN_UNDECLARED_SELECTOR = YES;
				GCC_WARN_UNINITIALIZED_AUTOS = YES_AGGRESSIVE;
				GCC_WARN_UNUSED_FUNCTION = YES;
				GCC_WARN_UNUSED_VARIABLE = YES;
				IPHONEOS_DEPLOYMENT_TARGET = 9.3;
				MTL_ENABLE_DEBUG_INFO = NO;
				SDKROOT = iphoneos;
				VALIDATE_PRODUCT = YES;
			};
			name = Release;
		};
		14E4881B1D1B5B0400369976 /* Debug */ = {
			isa = XCBuildConfiguration;
			baseConfigurationReference = E291079FC95C40CDF064FF6A /* Pods-CatInteractiveTransitionController.debug.xcconfig */;
			buildSettings = {
				ASSETCATALOG_COMPILER_APPICON_NAME = AppIcon;
				INFOPLIST_FILE = CatInteractiveTransitionController/Info.plist;
				LD_RUNPATH_SEARCH_PATHS = "$(inherited) @executable_path/Frameworks";
				PRODUCT_BUNDLE_IDENTIFIER = catthoughts.CatInteractiveTransitionController;
				PRODUCT_NAME = "$(TARGET_NAME)";
			};
			name = Debug;
		};
		14E4881C1D1B5B0400369976 /* Release */ = {
			isa = XCBuildConfiguration;
			baseConfigurationReference = CA9C5F86B6436C721036C0CD /* Pods-CatInteractiveTransitionController.release.xcconfig */;
			buildSettings = {
				ASSETCATALOG_COMPILER_APPICON_NAME = AppIcon;
				INFOPLIST_FILE = CatInteractiveTransitionController/Info.plist;
				LD_RUNPATH_SEARCH_PATHS = "$(inherited) @executable_path/Frameworks";
				PRODUCT_BUNDLE_IDENTIFIER = catthoughts.CatInteractiveTransitionController;
				PRODUCT_NAME = "$(TARGET_NAME)";
			};
			name = Release;
		};
/* End XCBuildConfiguration section */

/* Begin XCConfigurationList section */
		14E488031D1B5B0300369976 /* Build configuration list for PBXProject "CatInteractiveTransitionController" */ = {
			isa = XCConfigurationList;
			buildConfigurations = (
				14E488181D1B5B0400369976 /* Debug */,
				14E488191D1B5B0400369976 /* Release */,
			);
			defaultConfigurationIsVisible = 0;
			defaultConfigurationName = Release;
		};
		14E4881A1D1B5B0400369976 /* Build configuration list for PBXNativeTarget "CatInteractiveTransitionController" */ = {
			isa = XCConfigurationList;
			buildConfigurations = (
				14E4881B1D1B5B0400369976 /* Debug */,
				14E4881C1D1B5B0400369976 /* Release */,
			);
			defaultConfigurationIsVisible = 0;
			defaultConfigurationName = Release;
		};
/* End XCConfigurationList section */
	};
	rootObject = 14E488001D1B5B0300369976 /* Project object */;
}
